
Microsoft Visual Studio Solution File, Format Version 12.00
# Visual Studio Version 17
VisualStudioVersion = 17.13.35825.156
MinimumVisualStudioVersion = 10.0.40219.1
Project("{FAE04EC0-301F-11D3-BF4B-00C04F79EFBC}") = "NP 02. TCP Socket Listener", "NP 02. TCP Socket Listener\NP 02. TCP Socket Listener.csproj", "{9FE434EE-30AA-4F80-95EB-484415D18ED4}"
EndProject
Project("{2150E333-8FDC-42A3-9474-1A3956D46DE8}") = "NP 02", "NP 02", "{02EA681E-C7D8-13C7-8484-4AC65E1B71E8}"
EndProject
Project("{FAE04EC0-301F-11D3-BF4B-00C04F79EFBC}") = "NP 02. TCP Socket Client", "NP 02. TCP Socket Client\NP 02. TCP Socket Client.csproj", "{FA482ED8-9638-4EBD-B5ED-FFE2AE3AF5F6}"
EndProject
Project("{FAE04EC0-301F-11D3-BF4B-00C04F79EFBC}") = "NP 02. UDP Socket Listener", "NP 02. UDP Socket Listener\NP 02. UDP Socket Listener.csproj", "{EDDB3DCF-78A4-421B-A8FA-2D886132B4B6}"
EndProject
Project("{FAE04EC0-301F-11D3-BF4B-00C04F79EFBC}") = "NP 02. UDP Socket Client", "NP 02. UDP Socket Client\NP 02. UDP Socket Client.csproj", "{4A04533E-98FD-43C5-890C-CE72AAAA2C9A}"
EndProject
Project("{888888A0-9F3D-457C-B088-3A5042F75D52}") = "NP 02. UDP Socket Listener Python", "NP 02. UDP Socket Listener Python\NP 02. UDP Socket Listener Python.pyproj", "{27D110C0-5263-4A06-BC36-09DADC121663}"
EndProject
Project("{8BC9CEB8-8B4A-11D0-8D11-00A0C91BC942}") = "NP 02. UDP Socket Listener C", "NP 02. UDP Socket Listener C\NP 02. UDP Socket Listener C.vcxproj", "{7EE174FB-9526-41C8-9BD8-1F8DD9949E41}"
EndProject
Project("{2150E333-8FDC-42A3-9474-1A3956D46DE8}") = "NP 03", "NP 03", "{4E57C0B3-F932-4B42-8844-4BB7F84B600D}"
EndProject
Project("{FAE04EC0-301F-11D3-BF4B-00C04F79EFBC}") = "NP 03. TcpListener", "NP 03. TcpListener\NP 03. TcpListener.csproj", "{68950C84-0E1D-4BA0-9720-4B7FEA8ED738}"
EndProject
Project("{FAE04EC0-301F-11D3-BF4B-00C04F79EFBC}") = "NP 03. TcpClient", "NP 03. TcpClient\NP 03. TcpClient.csproj", "{9373542D-8217-4B0F-81E7-8D65F8CECFD4}"
EndProject
Project("{FAE04EC0-301F-11D3-BF4B-00C04F79EFBC}") = "NP 03. UdpClient", "NP 03. UdpClient\NP 03. UdpClient.csproj", "{0C142EC6-5EC8-45B5-9701-608F4915C647}"
EndProject
Project("{FAE04EC0-301F-11D3-BF4B-00C04F79EFBC}") = "NP 03. UdpClient Listener", "NP 03. UdpClient Listener\NP 03. UdpClient Listener.csproj", "{5140E02A-4781-4EA1-ACAE-5682E90AF60E}"
EndProject
Project("{FAE04EC0-301F-11D3-BF4B-00C04F79EFBC}") = "NP 03. TCP Task Manager (client side)", "NP 03. TCP Task Manager (client side)\NP 03. TCP Task Manager (client side).csproj", "{5E51FD85-D118-4C1B-9D49-AC1BBC939D6F}"
EndProject
Project("{FAE04EC0-301F-11D3-BF4B-00C04F79EFBC}") = "NP 03. TCP Task Manager (server side)", "NP 03. TCP Task Manager (server side)\NP 03. TCP Task Manager (server side).csproj", "{23891F6A-5027-4BCB-BCFD-E922087FA9BA}"
EndProject
Global
	GlobalSection(SolutionConfigurationPlatforms) = preSolution
		Debug|Any CPU = Debug|Any CPU
		Debug|x64 = Debug|x64
		Debug|x86 = Debug|x86
		Release|Any CPU = Release|Any CPU
		Release|x64 = Release|x64
		Release|x86 = Release|x86
	EndGlobalSection
	GlobalSection(ProjectConfigurationPlatforms) = postSolution
		{9FE434EE-30AA-4F80-95EB-484415D18ED4}.Debug|Any CPU.ActiveCfg = Debug|Any CPU
		{9FE434EE-30AA-4F80-95EB-484415D18ED4}.Debug|Any CPU.Build.0 = Debug|Any CPU
		{9FE434EE-30AA-4F80-95EB-484415D18ED4}.Debug|x64.ActiveCfg = Debug|Any CPU
		{9FE434EE-30AA-4F80-95EB-484415D18ED4}.Debug|x64.Build.0 = Debug|Any CPU
		{9FE434EE-30AA-4F80-95EB-484415D18ED4}.Debug|x86.ActiveCfg = Debug|Any CPU
		{9FE434EE-30AA-4F80-95EB-484415D18ED4}.Debug|x86.Build.0 = Debug|Any CPU
		{9FE434EE-30AA-4F80-95EB-484415D18ED4}.Release|Any CPU.ActiveCfg = Release|Any CPU
		{9FE434EE-30AA-4F80-95EB-484415D18ED4}.Release|Any CPU.Build.0 = Release|Any CPU
		{9FE434EE-30AA-4F80-95EB-484415D18ED4}.Release|x64.ActiveCfg = Release|Any CPU
		{9FE434EE-30AA-4F80-95EB-484415D18ED4}.Release|x64.Build.0 = Release|Any CPU
		{9FE434EE-30AA-4F80-95EB-484415D18ED4}.Release|x86.ActiveCfg = Release|Any CPU
		{9FE434EE-30AA-4F80-95EB-484415D18ED4}.Release|x86.Build.0 = Release|Any CPU
		{FA482ED8-9638-4EBD-B5ED-FFE2AE3AF5F6}.Debug|Any CPU.ActiveCfg = Debug|Any CPU
		{FA482ED8-9638-4EBD-B5ED-FFE2AE3AF5F6}.Debug|Any CPU.Build.0 = Debug|Any CPU
		{FA482ED8-9638-4EBD-B5ED-FFE2AE3AF5F6}.Debug|x64.ActiveCfg = Debug|Any CPU
		{FA482ED8-9638-4EBD-B5ED-FFE2AE3AF5F6}.Debug|x64.Build.0 = Debug|Any CPU
		{FA482ED8-9638-4EBD-B5ED-FFE2AE3AF5F6}.Debug|x86.ActiveCfg = Debug|Any CPU
		{FA482ED8-9638-4EBD-B5ED-FFE2AE3AF5F6}.Debug|x86.Build.0 = Debug|Any CPU
		{FA482ED8-9638-4EBD-B5ED-FFE2AE3AF5F6}.Release|Any CPU.ActiveCfg = Release|Any CPU
		{FA482ED8-9638-4EBD-B5ED-FFE2AE3AF5F6}.Release|Any CPU.Build.0 = Release|Any CPU
		{FA482ED8-9638-4EBD-B5ED-FFE2AE3AF5F6}.Release|x64.ActiveCfg = Release|Any CPU
		{FA482ED8-9638-4EBD-B5ED-FFE2AE3AF5F6}.Release|x64.Build.0 = Release|Any CPU
		{FA482ED8-9638-4EBD-B5ED-FFE2AE3AF5F6}.Release|x86.ActiveCfg = Release|Any CPU
		{FA482ED8-9638-4EBD-B5ED-FFE2AE3AF5F6}.Release|x86.Build.0 = Release|Any CPU
		{EDDB3DCF-78A4-421B-A8FA-2D886132B4B6}.Debug|Any CPU.ActiveCfg = Debug|Any CPU
		{EDDB3DCF-78A4-421B-A8FA-2D886132B4B6}.Debug|Any CPU.Build.0 = Debug|Any CPU
		{EDDB3DCF-78A4-421B-A8FA-2D886132B4B6}.Debug|x64.ActiveCfg = Debug|Any CPU
		{EDDB3DCF-78A4-421B-A8FA-2D886132B4B6}.Debug|x64.Build.0 = Debug|Any CPU
		{EDDB3DCF-78A4-421B-A8FA-2D886132B4B6}.Debug|x86.ActiveCfg = Debug|Any CPU
		{EDDB3DCF-78A4-421B-A8FA-2D886132B4B6}.Debug|x86.Build.0 = Debug|Any CPU
		{EDDB3DCF-78A4-421B-A8FA-2D886132B4B6}.Release|Any CPU.ActiveCfg = Release|Any CPU
		{EDDB3DCF-78A4-421B-A8FA-2D886132B4B6}.Release|Any CPU.Build.0 = Release|Any CPU
		{EDDB3DCF-78A4-421B-A8FA-2D886132B4B6}.Release|x64.ActiveCfg = Release|Any CPU
		{EDDB3DCF-78A4-421B-A8FA-2D886132B4B6}.Release|x64.Build.0 = Release|Any CPU
		{EDDB3DCF-78A4-421B-A8FA-2D886132B4B6}.Release|x86.ActiveCfg = Release|Any CPU
		{EDDB3DCF-78A4-421B-A8FA-2D886132B4B6}.Release|x86.Build.0 = Release|Any CPU
		{4A04533E-98FD-43C5-890C-CE72AAAA2C9A}.Debug|Any CPU.ActiveCfg = Debug|Any CPU
		{4A04533E-98FD-43C5-890C-CE72AAAA2C9A}.Debug|Any CPU.Build.0 = Debug|Any CPU
		{4A04533E-98FD-43C5-890C-CE72AAAA2C9A}.Debug|x64.ActiveCfg = Debug|Any CPU
		{4A04533E-98FD-43C5-890C-CE72AAAA2C9A}.Debug|x64.Build.0 = Debug|Any CPU
		{4A04533E-98FD-43C5-890C-CE72AAAA2C9A}.Debug|x86.ActiveCfg = Debug|Any CPU
		{4A04533E-98FD-43C5-890C-CE72AAAA2C9A}.Debug|x86.Build.0 = Debug|Any CPU
		{4A04533E-98FD-43C5-890C-CE72AAAA2C9A}.Release|Any CPU.ActiveCfg = Release|Any CPU
		{4A04533E-98FD-43C5-890C-CE72AAAA2C9A}.Release|Any CPU.Build.0 = Release|Any CPU
		{4A04533E-98FD-43C5-890C-CE72AAAA2C9A}.Release|x64.ActiveCfg = Release|Any CPU
		{4A04533E-98FD-43C5-890C-CE72AAAA2C9A}.Release|x64.Build.0 = Release|Any CPU
		{4A04533E-98FD-43C5-890C-CE72AAAA2C9A}.Release|x86.ActiveCfg = Release|Any CPU
		{4A04533E-98FD-43C5-890C-CE72AAAA2C9A}.Release|x86.Build.0 = Release|Any CPU
		{27D110C0-5263-4A06-BC36-09DADC121663}.Debug|Any CPU.ActiveCfg = Debug|Any CPU
		{27D110C0-5263-4A06-BC36-09DADC121663}.Debug|x64.ActiveCfg = Debug|Any CPU
		{27D110C0-5263-4A06-BC36-09DADC121663}.Debug|x86.ActiveCfg = Debug|Any CPU
		{27D110C0-5263-4A06-BC36-09DADC121663}.Release|Any CPU.ActiveCfg = Release|Any CPU
		{27D110C0-5263-4A06-BC36-09DADC121663}.Release|x64.ActiveCfg = Release|Any CPU
		{27D110C0-5263-4A06-BC36-09DADC121663}.Release|x86.ActiveCfg = Release|Any CPU
		{7EE174FB-9526-41C8-9BD8-1F8DD9949E41}.Debug|Any CPU.ActiveCfg = Debug|x64
		{7EE174FB-9526-41C8-9BD8-1F8DD9949E41}.Debug|Any CPU.Build.0 = Debug|x64
		{7EE174FB-9526-41C8-9BD8-1F8DD9949E41}.Debug|x64.ActiveCfg = Debug|x64
		{7EE174FB-9526-41C8-9BD8-1F8DD9949E41}.Debug|x64.Build.0 = Debug|x64
		{7EE174FB-9526-41C8-9BD8-1F8DD9949E41}.Debug|x86.ActiveCfg = Debug|Win32
		{7EE174FB-9526-41C8-9BD8-1F8DD9949E41}.Debug|x86.Build.0 = Debug|Win32
		{7EE174FB-9526-41C8-9BD8-1F8DD9949E41}.Release|Any CPU.ActiveCfg = Release|x64
		{7EE174FB-9526-41C8-9BD8-1F8DD9949E41}.Release|Any CPU.Build.0 = Release|x64
		{7EE174FB-9526-41C8-9BD8-1F8DD9949E41}.Release|x64.ActiveCfg = Release|x64
		{7EE174FB-9526-41C8-9BD8-1F8DD9949E41}.Release|x64.Build.0 = Release|x64
		{7EE174FB-9526-41C8-9BD8-1F8DD9949E41}.Release|x86.ActiveCfg = Release|Win32
		{7EE174FB-9526-41C8-9BD8-1F8DD9949E41}.Release|x86.Build.0 = Release|Win32
		{68950C84-0E1D-4BA0-9720-4B7FEA8ED738}.Debug|Any CPU.ActiveCfg = Debug|Any CPU
		{68950C84-0E1D-4BA0-9720-4B7FEA8ED738}.Debug|Any CPU.Build.0 = Debug|Any CPU
		{68950C84-0E1D-4BA0-9720-4B7FEA8ED738}.Debug|x64.ActiveCfg = Debug|Any CPU
		{68950C84-0E1D-4BA0-9720-4B7FEA8ED738}.Debug|x64.Build.0 = Debug|Any CPU
		{68950C84-0E1D-4BA0-9720-4B7FEA8ED738}.Debug|x86.ActiveCfg = Debug|Any CPU
		{68950C84-0E1D-4BA0-9720-4B7FEA8ED738}.Debug|x86.Build.0 = Debug|Any CPU
		{68950C84-0E1D-4BA0-9720-4B7FEA8ED738}.Release|Any CPU.ActiveCfg = Release|Any CPU
		{68950C84-0E1D-4BA0-9720-4B7FEA8ED738}.Release|Any CPU.Build.0 = Release|Any CPU
		{68950C84-0E1D-4BA0-9720-4B7FEA8ED738}.Release|x64.ActiveCfg = Release|Any CPU
		{68950C84-0E1D-4BA0-9720-4B7FEA8ED738}.Release|x64.Build.0 = Release|Any CPU
		{68950C84-0E1D-4BA0-9720-4B7FEA8ED738}.Release|x86.ActiveCfg = Release|Any CPU
		{68950C84-0E1D-4BA0-9720-4B7FEA8ED738}.Release|x86.Build.0 = Release|Any CPU
		{9373542D-8217-4B0F-81E7-8D65F8CECFD4}.Debug|Any CPU.ActiveCfg = Debug|Any CPU
		{9373542D-8217-4B0F-81E7-8D65F8CECFD4}.Debug|Any CPU.Build.0 = Debug|Any CPU
		{9373542D-8217-4B0F-81E7-8D65F8CECFD4}.Debug|x64.ActiveCfg = Debug|Any CPU
		{9373542D-8217-4B0F-81E7-8D65F8CECFD4}.Debug|x64.Build.0 = Debug|Any CPU
		{9373542D-8217-4B0F-81E7-8D65F8CECFD4}.Debug|x86.ActiveCfg = Debug|Any CPU
		{9373542D-8217-4B0F-81E7-8D65F8CECFD4}.Debug|x86.Build.0 = Debug|Any CPU
		{9373542D-8217-4B0F-81E7-8D65F8CECFD4}.Release|Any CPU.ActiveCfg = Release|Any CPU
		{9373542D-8217-4B0F-81E7-8D65F8CECFD4}.Release|Any CPU.Build.0 = Release|Any CPU
		{9373542D-8217-4B0F-81E7-8D65F8CECFD4}.Release|x64.ActiveCfg = Release|Any CPU
		{9373542D-8217-4B0F-81E7-8D65F8CECFD4}.Release|x64.Build.0 = Release|Any CPU
		{9373542D-8217-4B0F-81E7-8D65F8CECFD4}.Release|x86.ActiveCfg = Release|Any CPU
		{9373542D-8217-4B0F-81E7-8D65F8CECFD4}.Release|x86.Build.0 = Release|Any CPU
		{0C142EC6-5EC8-45B5-9701-608F4915C647}.Debug|Any CPU.ActiveCfg = Debug|Any CPU
		{0C142EC6-5EC8-45B5-9701-608F4915C647}.Debug|Any CPU.Build.0 = Debug|Any CPU
		{0C142EC6-5EC8-45B5-9701-608F4915C647}.Debug|x64.ActiveCfg = Debug|Any CPU
		{0C142EC6-5EC8-45B5-9701-608F4915C647}.Debug|x64.Build.0 = Debug|Any CPU
		{0C142EC6-5EC8-45B5-9701-608F4915C647}.Debug|x86.ActiveCfg = Debug|Any CPU
		{0C142EC6-5EC8-45B5-9701-608F4915C647}.Debug|x86.Build.0 = Debug|Any CPU
		{0C142EC6-5EC8-45B5-9701-608F4915C647}.Release|Any CPU.ActiveCfg = Release|Any CPU
		{0C142EC6-5EC8-45B5-9701-608F4915C647}.Release|Any CPU.Build.0 = Release|Any CPU
		{0C142EC6-5EC8-45B5-9701-608F4915C647}.Release|x64.ActiveCfg = Release|Any CPU
		{0C142EC6-5EC8-45B5-9701-608F4915C647}.Release|x64.Build.0 = Release|Any CPU
		{0C142EC6-5EC8-45B5-9701-608F4915C647}.Release|x86.ActiveCfg = Release|Any CPU
		{0C142EC6-5EC8-45B5-9701-608F4915C647}.Release|x86.Build.0 = Release|Any CPU
		{5140E02A-4781-4EA1-ACAE-5682E90AF60E}.Debug|Any CPU.ActiveCfg = Debug|Any CPU
		{5140E02A-4781-4EA1-ACAE-5682E90AF60E}.Debug|Any CPU.Build.0 = Debug|Any CPU
		{5140E02A-4781-4EA1-ACAE-5682E90AF60E}.Debug|x64.ActiveCfg = Debug|Any CPU
		{5140E02A-4781-4EA1-ACAE-5682E90AF60E}.Debug|x64.Build.0 = Debug|Any CPU
		{5140E02A-4781-4EA1-ACAE-5682E90AF60E}.Debug|x86.ActiveCfg = Debug|Any CPU
		{5140E02A-4781-4EA1-ACAE-5682E90AF60E}.Debug|x86.Build.0 = Debug|Any CPU
		{5140E02A-4781-4EA1-ACAE-5682E90AF60E}.Release|Any CPU.ActiveCfg = Release|Any CPU
		{5140E02A-4781-4EA1-ACAE-5682E90AF60E}.Release|Any CPU.Build.0 = Release|Any CPU
		{5140E02A-4781-4EA1-ACAE-5682E90AF60E}.Release|x64.ActiveCfg = Release|Any CPU
		{5140E02A-4781-4EA1-ACAE-5682E90AF60E}.Release|x64.Build.0 = Release|Any CPU
		{5140E02A-4781-4EA1-ACAE-5682E90AF60E}.Release|x86.ActiveCfg = Release|Any CPU
		{5140E02A-4781-4EA1-ACAE-5682E90AF60E}.Release|x86.Build.0 = Release|Any CPU
		{5E51FD85-D118-4C1B-9D49-AC1BBC939D6F}.Debug|Any CPU.ActiveCfg = Debug|Any CPU
		{5E51FD85-D118-4C1B-9D49-AC1BBC939D6F}.Debug|Any CPU.Build.0 = Debug|Any CPU
		{5E51FD85-D118-4C1B-9D49-AC1BBC939D6F}.Debug|x64.ActiveCfg = Debug|Any CPU
		{5E51FD85-D118-4C1B-9D49-AC1BBC939D6F}.Debug|x64.Build.0 = Debug|Any CPU
		{5E51FD85-D118-4C1B-9D49-AC1BBC939D6F}.Debug|x86.ActiveCfg = Debug|Any CPU
		{5E51FD85-D118-4C1B-9D49-AC1BBC939D6F}.Debug|x86.Build.0 = Debug|Any CPU
		{5E51FD85-D118-4C1B-9D49-AC1BBC939D6F}.Release|Any CPU.ActiveCfg = Release|Any CPU
		{5E51FD85-D118-4C1B-9D49-AC1BBC939D6F}.Release|Any CPU.Build.0 = Release|Any CPU
		{5E51FD85-D118-4C1B-9D49-AC1BBC939D6F}.Release|x64.ActiveCfg = Release|Any CPU
		{5E51FD85-D118-4C1B-9D49-AC1BBC939D6F}.Release|x64.Build.0 = Release|Any CPU
		{5E51FD85-D118-4C1B-9D49-AC1BBC939D6F}.Release|x86.ActiveCfg = Release|Any CPU
		{5E51FD85-D118-4C1B-9D49-AC1BBC939D6F}.Release|x86.Build.0 = Release|Any CPU
		{23891F6A-5027-4BCB-BCFD-E922087FA9BA}.Debug|Any CPU.ActiveCfg = Debug|Any CPU
		{23891F6A-5027-4BCB-BCFD-E922087FA9BA}.Debug|Any CPU.Build.0 = Debug|Any CPU
		{23891F6A-5027-4BCB-BCFD-E922087FA9BA}.Debug|x64.ActiveCfg = Debug|Any CPU
		{23891F6A-5027-4BCB-BCFD-E922087FA9BA}.Debug|x64.Build.0 = Debug|Any CPU
		{23891F6A-5027-4BCB-BCFD-E922087FA9BA}.Debug|x86.ActiveCfg = Debug|Any CPU
		{23891F6A-5027-4BCB-BCFD-E922087FA9BA}.Debug|x86.Build.0 = Debug|Any CPU
		{23891F6A-5027-4BCB-BCFD-E922087FA9BA}.Release|Any CPU.ActiveCfg = Release|Any CPU
		{23891F6A-5027-4BCB-BCFD-E922087FA9BA}.Release|Any CPU.Build.0 = Release|Any CPU
		{23891F6A-5027-4BCB-BCFD-E922087FA9BA}.Release|x64.ActiveCfg = Release|Any CPU
		{23891F6A-5027-4BCB-BCFD-E922087FA9BA}.Release|x64.Build.0 = Release|Any CPU
		{23891F6A-5027-4BCB-BCFD-E922087FA9BA}.Release|x86.ActiveCfg = Release|Any CPU
		{23891F6A-5027-4BCB-BCFD-E922087FA9BA}.Release|x86.Build.0 = Release|Any CPU
	EndGlobalSection
	GlobalSection(SolutionProperties) = preSolution
		HideSolutionNode = FALSE
	EndGlobalSection
	GlobalSection(NestedProjects) = preSolution
		{9FE434EE-30AA-4F80-95EB-484415D18ED4} = {02EA681E-C7D8-13C7-8484-4AC65E1B71E8}
		{FA482ED8-9638-4EBD-B5ED-FFE2AE3AF5F6} = {02EA681E-C7D8-13C7-8484-4AC65E1B71E8}
		{EDDB3DCF-78A4-421B-A8FA-2D886132B4B6} = {02EA681E-C7D8-13C7-8484-4AC65E1B71E8}
		{4A04533E-98FD-43C5-890C-CE72AAAA2C9A} = {02EA681E-C7D8-13C7-8484-4AC65E1B71E8}
		{27D110C0-5263-4A06-BC36-09DADC121663} = {02EA681E-C7D8-13C7-8484-4AC65E1B71E8}
		{7EE174FB-9526-41C8-9BD8-1F8DD9949E41} = {02EA681E-C7D8-13C7-8484-4AC65E1B71E8}
		{68950C84-0E1D-4BA0-9720-4B7FEA8ED738} = {4E57C0B3-F932-4B42-8844-4BB7F84B600D}
		{9373542D-8217-4B0F-81E7-8D65F8CECFD4} = {4E57C0B3-F932-4B42-8844-4BB7F84B600D}
		{0C142EC6-5EC8-45B5-9701-608F4915C647} = {4E57C0B3-F932-4B42-8844-4BB7F84B600D}
		{5140E02A-4781-4EA1-ACAE-5682E90AF60E} = {4E57C0B3-F932-4B42-8844-4BB7F84B600D}
		{5E51FD85-D118-4C1B-9D49-AC1BBC939D6F} = {4E57C0B3-F932-4B42-8844-4BB7F84B600D}
		{23891F6A-5027-4BCB-BCFD-E922087FA9BA} = {4E57C0B3-F932-4B42-8844-4BB7F84B600D}
	EndGlobalSection
	GlobalSection(ExtensibilityGlobals) = postSolution
		SolutionGuid = {87AF6595-3E1B-46B8-8928-054E470176D9}
	EndGlobalSection
EndGlobal
